
Microsoft Visual Studio Solution File, Format Version 12.00
# Visual Studio Version 17
VisualStudioVersion = 17.5.33516.290
MinimumVisualStudioVersion = 10.0.40219.1
Project("{FAE04EC0-301F-11D3-BF4B-00C04F79EFBC}") = "SerialToPlcApp", "SerialToPlcApp\SerialToPlcApp.csproj", "{DDD9ECB5-E198-465D-9B42-A3EAAA29D300}"
EndProject
Global
	GlobalSection(SolutionConfigurationPlatforms) = preSolution
		Debug|Any CPU = Debug|Any CPU
		Release|Any CPU = Release|Any CPU
	EndGlobalSection
	GlobalSection(ProjectConfigurationPlatforms) = postSolution
		{DDD9ECB5-E198-465D-9B42-A3EAAA29D300}.Debug|Any CPU.ActiveCfg = Debug|Any CPU
		{DDD9ECB5-E198-465D-9B42-A3EAAA29D300}.Debug|Any CPU.Build.0 = Debug|Any CPU
		{DDD9ECB5-E198-465D-9B42-A3EAAA29D300}.Release|Any CPU.ActiveCfg = Release|Any CPU
		{DDD9ECB5-E198-465D-9B42-A3EAAA29D300}.Release|Any CPU.Build.0 = Release|Any CPU
	EndGlobalSection
	GlobalSection(SolutionProperties) = preSolution
		HideSolutionNode = FALSE
	EndGlobalSection
	GlobalSection(ExtensibilityGlobals) = postSolution
		SolutionGuid = {1E927E10-37F2-4CD3-8B60-C3D9BFD82033}
	EndGlobalSection
EndGlobal
